
Microsoft Visual Studio Solution File, Format Version 12.00
Project("{FAE04EC0-301F-11D3-BF4B-00C04F79EFBC}") = "Binary Search Tree", "Binary Search Tree\Binary Search Tree.csproj", "{AACBF6BE-6F2F-4BD3-B060-F8DA7238471E}"
EndProject
Global
	GlobalSection(SolutionConfigurationPlatforms) = preSolution
		Debug|Any CPU = Debug|Any CPU
		Release|Any CPU = Release|Any CPU
	EndGlobalSection
	GlobalSection(ProjectConfigurationPlatforms) = postSolution
		{AACBF6BE-6F2F-4BD3-B060-F8DA7238471E}.Debug|Any CPU.ActiveCfg = Debug|Any CPU
		{AACBF6BE-6F2F-4BD3-B060-F8DA7238471E}.Debug|Any CPU.Build.0 = Debug|Any CPU
		{AACBF6BE-6F2F-4BD3-B060-F8DA7238471E}.Release|Any CPU.ActiveCfg = Release|Any CPU
		{AACBF6BE-6F2F-4BD3-B060-F8DA7238471E}.Release|Any CPU.Build.0 = Release|Any CPU
	EndGlobalSection
EndGlobal
