
Microsoft Visual Studio Solution File, Format Version 12.00
Project("{FAE04EC0-301F-11D3-BF4B-00C04F79EFBC}") = "Task C Assessed Exercise 3", "Task C Assessed Exercise 3\Task C Assessed Exercise 3.csproj", "{67785E9D-CFC4-48B7-BF0F-A1DAA0C8897A}"
EndProject
Global
	GlobalSection(SolutionConfigurationPlatforms) = preSolution
		Debug|Any CPU = Debug|Any CPU
		Release|Any CPU = Release|Any CPU
	EndGlobalSection
	GlobalSection(ProjectConfigurationPlatforms) = postSolution
		{67785E9D-CFC4-48B7-BF0F-A1DAA0C8897A}.Debug|Any CPU.ActiveCfg = Debug|Any CPU
		{67785E9D-CFC4-48B7-BF0F-A1DAA0C8897A}.Debug|Any CPU.Build.0 = Debug|Any CPU
		{67785E9D-CFC4-48B7-BF0F-A1DAA0C8897A}.Release|Any CPU.ActiveCfg = Release|Any CPU
		{67785E9D-CFC4-48B7-BF0F-A1DAA0C8897A}.Release|Any CPU.Build.0 = Release|Any CPU
	EndGlobalSection
EndGlobal
